sylius_fixtures:
    suites:
        cms:
            listeners:
                logger: ~
            fixtures:
                block:
                    options:
                        custom:
                            homepage_new_collection_header:
                                name: "Homepage new collection header"
                                channels:
                                    - "FASHION_WEB"
                                content_elements:
                                    en_US:
                                        heading:
                                            type: "heading"
                                            data:
                                                heading_type: "h2"
                                                heading: "New collection"
                                        spacer:
                                            type: "spacer"
                                            data:
                                                spacer: 20
                            homepage_new_collection_banner:
                                name: "Mid season sale banner"
                                channels:
                                    - "FASHION_WEB"
                                content_elements:
                                    en_US:
                                        single_media:
                                            type: "single_media"
                                            data:
                                                single_media: "mid_season_sale_homepage"
                            homepage_new_collection_products:
                                name: "Mid season sale banner"
                                channels:
                                    - "FASHION_WEB"
                                content_elements:
                                    en_US:
                                        products_grid:
                                            type: "products_grid"
                                            data:
                                                products_grid:
                                                    products:
                                                        - "Lemonade_Stand_Sweetheart"
                                                        - "Beach_Bonfire_Beauty"
                                                        - "Lunar_Echo_T_Shirt"
                                                        - "Palm_Tree_Paradise"
                            mid_season_sale_banner_taxon:
                                name: "Mid season sale banner"
                                channels:
                                    - "FASHION_WEB"
                                collections:
                                    - "black_friday"
                                taxons:
                                    - "t_shirts"
                                    - "mens_t_shirts"
                                    - "womens_t_shirts"
                                content_elements:
                                    en_US:
                                        single_media:
                                            type: "single_media"
                                            data:
                                                single_media: "mid_season_sale_banner"
                                        spacer1:
                                            type: "spacer"
                                            data:
                                                spacer: 20
                            mid_season_sale_banner:
                                name: "Mid season sale banner"
                                channels:
                                    - "FASHION_WEB"
                                products_in_taxons:
                                    - "mens_t_shirts"
                                    - "womens_t_shirts"
                                content_elements:
                                    en_US:
                                        single_media:
                                            type: "single_media"
                                            data:
                                                single_media: "mid_season_sale_banner"
                                        spacer1:
                                            type: "spacer"
                                            data:
                                                spacer: 20
                            specified_products_in_taxons:
                                name: "You may also like"
                                channels:
                                    - "FASHION_WEB"
                                collections:
                                    - "products_details"
                                products_in_taxons:
                                    - "mens_t_shirts"
                                    - "womens_t_shirts"
                                content_elements:
                                    en_US:
                                        spacer1:
                                            type: "spacer"
                                            data:
                                                spacer: 20
                                        heading1:
                                            type: "heading"
                                            data:
                                                heading_type: "h2"
                                                heading: "You may also like:"
                                        products_carousel_by_taxon:
                                            type: "products_carousel_by_taxon"
                                            data:
                                                products_carousel_by_taxon: "t_shirts"
                                        heading2:
                                            type: "heading"
                                            data:
                                                heading_type: "h2"
                                                heading: "Our best sales:"
                                        products_grid_by_taxon:
                                            type: "products_grid_by_taxon"
                                            data:
                                                products_grid_by_taxon: "caps"
                            homepage_glasses:
                                name: "Glasses highlight"
                                channels:
                                    - "FASHION_WEB"
                                content_elements:
                                    en_US:
                                        heading:
                                            type: "heading"
                                            data:
                                                heading_type: "h2"
                                                heading: "Discover our Glasses"
                                        products_grid_by_taxon:
                                            type: "products_grid_by_taxon"
                                            data:
                                                products_grid_by_taxon: "glasses"
